dependencies:
- name: common
  repository: https://charts.bitnami.com/bitnami
  version: 1.6.1
- name: postgresql
  repository: https://charts.bitnami.com/bitnami
  version: 10.5.0
digest: sha256:158ec362388e261ca356f6354791f1107d3b46ac255e6f6c2f0abc3f78991bd2
generated: "2021-06-16T20:16:50.813832766+02:00"
